# This file is automatically @generated by Cargo.
# It is not intended for manual editing.
version = 4

[[package]]
name = "loft-ffi"
version = "0.1.1"
source = "registry+https://github.com/rust-lang/crates.io-index"
checksum = "61e45e81ba68f02881cfa9a5213e68ca114181f1d63eb180da57c2964d7264e6"

[[package]]
name = "loft-ffi-build"
version = "0.2.1"
source = "registry+https://github.com/rust-lang/crates.io-index"
checksum = "4b9a24793c730783efd818e1e7563dc008b7e1e7eddcd9964e212496e26aa2c7"

[[package]]
name = "loft-ffi-macros"
version = "0.1.0"
source = "registry+https://github.com/rust-lang/crates.io-index"
checksum = "deeac759c970178210c098c0a08b45e6b3494d6f88bec6e03cb0e77a9f3a0411"
dependencies = [
 "proc-macro2",
 "quote",
 "syn",
]

[[package]]
name = "loft-server"
version = "0.1.0"
dependencies = [
 "loft-ffi",
 "loft-ffi-build",
 "loft-ffi-macros",
]

[[package]]
name = "proc-macro2"
version = "1.0.106"
source = "registry+https://github.com/rust-lang/crates.io-index"
checksum = "8fd00f0bb2e90d81d1044c2b32617f68fcb9fa3bb7640c23e9c748e53fb30934"
dependencies = [
 "unicode-ident",
]

[[package]]
name = "quote"
version = "1.0.45"
source = "registry+https://github.com/rust-lang/crates.io-index"
checksum = "41f2619966050689382d2b44f664f4bc593e129785a36d6ee376ddf37259b924"
dependencies = [
 "proc-macro2",
]

[[package]]
name = "syn"
version = "2.0.118"
source = "registry+https://github.com/rust-lang/crates.io-index"
checksum = "1b9ae57f904213ebb649ce6895b8a66c66f0203b9319718f69a5612a065b1422"
dependencies = [
 "proc-macro2",
 "quote",
 "unicode-ident",
]

[[package]]
name = "unicode-ident"
version = "1.0.24"
source = "registry+https://github.com/rust-lang/crates.io-index"
checksum = "e6e4313cd5fcd3dad5cafa179702e2b244f760991f45397d14d4ebf38247da75"
